# @generated - this file is auto-generated by `mise lock` https://mise.jdx.dev/dev-tools/mise-lock.html

lockfile_version = 1

[[tools.actionlint]]
version = "1.7.11"
backend = "aqua:rhysd/actionlint"
specifiers = ["1.7.11"]

[tools.actionlint."platforms.linux-arm64"]
checksum = "sha256:21bc0dfb57a913fe175298c2a9e906ee630f747cb66d0a934d0d4b69f4ee1235"
url = "https://github.com/rhysd/actionlint/releases/download/v1.7.11/actionlint_1.7.11_linux_arm64.tar.gz"
url_api = "https://api.github.com/repos/rhysd/actionlint/releases/assets/355827685"
provenance = "github-attestations"

[tools.actionlint."platforms.linux-arm64-musl"]
checksum = "sha256:21bc0dfb57a913fe175298c2a9e906ee630f747cb66d0a934d0d4b69f4ee1235"
url = "https://github.com/rhysd/actionlint/releases/download/v1.7.11/actionlint_1.7.11_linux_arm64.tar.gz"
url_api = "https://api.github.com/repos/rhysd/actionlint/releases/assets/355827685"
provenance = "github-attestations"

[tools.actionlint."platforms.linux-x64"]
checksum = "sha256:900919a84f2229bac68ca9cd4103ea297abc35e9689ebb842c6e34a3d1b01b0a"
url = "https://github.com/rhysd/actionlint/releases/download/v1.7.11/actionlint_1.7.11_linux_amd64.tar.gz"
url_api = "https://api.github.com/repos/rhysd/actionlint/releases/assets/355827683"
provenance = "github-attestations"

[tools.actionlint."platforms.linux-x64-musl"]
checksum = "sha256:900919a84f2229bac68ca9cd4103ea297abc35e9689ebb842c6e34a3d1b01b0a"
url = "https://github.com/rhysd/actionlint/releases/download/v1.7.11/actionlint_1.7.11_linux_amd64.tar.gz"
url_api = "https://api.github.com/repos/rhysd/actionlint/releases/assets/355827683"
provenance = "github-attestations"

[tools.actionlint."platforms.macos-arm64"]
checksum = "sha256:a21ba7366d8329e7223faee0ed69eb13da27fe8acabb356bb7eb0b7f1e1cb6d8"
url = "https://github.com/rhysd/actionlint/releases/download/v1.7.11/actionlint_1.7.11_darwin_arm64.tar.gz"
url_api = "https://api.github.com/repos/rhysd/actionlint/releases/assets/355827684"
provenance = "github-attestations"

[tools.actionlint."platforms.macos-x64"]
checksum = "sha256:17ffc17fed8f0258ef6ad4aed932d3272464c7ef7d64e1cb0d65aa97c9752107"
url = "https://github.com/rhysd/actionlint/releases/download/v1.7.11/actionlint_1.7.11_darwin_amd64.tar.gz"
url_api = "https://api.github.com/repos/rhysd/actionlint/releases/assets/355827686"
provenance = "github-attestations"

[tools.actionlint."platforms.windows-x64"]
checksum = "sha256:5414b7124a91f4b5abee62e5c9d84802237734f8d15b9b7032732a32c3ebffa3"
url = "https://github.com/rhysd/actionlint/releases/download/v1.7.11/actionlint_1.7.11_windows_amd64.zip"
url_api = "https://api.github.com/repos/rhysd/actionlint/releases/assets/355827689"
provenance = "github-attestations"

[[tools.docker-cli]]
version = "29.2.1"
backend = "aqua:docker/cli"
specifiers = ["29.2.1"]

[tools.docker-cli."platforms.linux-arm64"]
url = "https://download.docker.com/linux/static/stable/aarch64/docker-29.2.1.tgz"

[tools.docker-cli."platforms.linux-arm64-musl"]
url = "https://download.docker.com/linux/static/stable/aarch64/docker-29.2.1.tgz"

[tools.docker-cli."platforms.linux-x64"]
url = "https://download.docker.com/linux/static/stable/x86_64/docker-29.2.1.tgz"

[tools.docker-cli."platforms.linux-x64-musl"]
url = "https://download.docker.com/linux/static/stable/x86_64/docker-29.2.1.tgz"

[tools.docker-cli."platforms.macos-arm64"]
url = "https://download.docker.com/mac/static/stable/aarch64/docker-29.2.1.tgz"

[tools.docker-cli."platforms.macos-x64"]
url = "https://download.docker.com/mac/static/stable/x86_64/docker-29.2.1.tgz"

[tools.docker-cli."platforms.windows-x64"]
url = "https://download.docker.com/win/static/stable/x86_64/docker-29.2.1.zip"

[[tools.hadolint]]
version = "2.14.0"
backend = "aqua:hadolint/hadolint"
specifiers = [
    "2.14.0",
    "latest",
]

[tools.hadolint."platforms.linux-arm64"]
checksum = "sha256:331f1d3511b84a4f1e3d18d52fec284723e4019552f4f47b19322a53ce9a40ed"
url = "https://github.com/hadolint/hadolint/releases/download/v2.14.0/hadolint-linux-arm64"
url_api = "https://api.github.com/repos/hadolint/hadolint/releases/assets/295944081"

[tools.hadolint."platforms.linux-arm64-musl"]
checksum = "sha256:331f1d3511b84a4f1e3d18d52fec284723e4019552f4f47b19322a53ce9a40ed"
url = "https://github.com/hadolint/hadolint/releases/download/v2.14.0/hadolint-linux-arm64"
url_api = "https://api.github.com/repos/hadolint/hadolint/releases/assets/295944081"

[tools.hadolint."platforms.linux-x64"]
checksum = "sha256:6bf226944684f56c84dd014e8b979d27425c0148f61b3bd99bcc6f39e9dc5a47"
url = "https://github.com/hadolint/hadolint/releases/download/v2.14.0/hadolint-linux-x86_64"
url_api = "https://api.github.com/repos/hadolint/hadolint/releases/assets/295944080"

[tools.hadolint."platforms.linux-x64-musl"]
checksum = "sha256:6bf226944684f56c84dd014e8b979d27425c0148f61b3bd99bcc6f39e9dc5a47"
url = "https://github.com/hadolint/hadolint/releases/download/v2.14.0/hadolint-linux-x86_64"
url_api = "https://api.github.com/repos/hadolint/hadolint/releases/assets/295944080"

[tools.hadolint."platforms.macos-arm64"]
checksum = "sha256:3625e2e9f43dcfe7bd38738a5f5520ed50ce39ed28485266e6803dd7bc197b10"
url = "https://github.com/hadolint/hadolint/releases/download/v2.14.0/hadolint-macos-arm64"
url_api = "https://api.github.com/repos/hadolint/hadolint/releases/assets/295944077"

[tools.hadolint."platforms.macos-x64"]
checksum = "sha256:2b69a853433f1eca522ffb921cd490bd1321424d03331fd8390f93b7fb4a02e9"
url = "https://github.com/hadolint/hadolint/releases/download/v2.14.0/hadolint-macos-x86_64"
url_api = "https://api.github.com/repos/hadolint/hadolint/releases/assets/295944082"

[tools.hadolint."platforms.windows-x64"]
checksum = "sha256:8e0ee174f88edb14f207a68430c7a53c2883ed509cdbde9a3a26fffa140fa5e4"
url = "https://github.com/hadolint/hadolint/releases/download/v2.14.0/hadolint-windows-x86_64.exe"
url_api = "https://api.github.com/repos/hadolint/hadolint/releases/assets/295944079"

[[tools.just]]
version = "1.46.0"
backend = "aqua:casey/just"
specifiers = ["1.46.0"]

[tools.just."platforms.linux-arm64"]
checksum = "sha256:b81970c8247fa64cfb30d2a3da0e487e4253f9f2d01865ed5e7d53cdc7b02188"
url = "https://github.com/casey/just/releases/download/1.46.0/just-1.46.0-aarch64-unknown-linux-musl.tar.gz"
url_api = "https://api.github.com/repos/casey/just/releases/assets/335433617"

[tools.just."platforms.linux-arm64-musl"]
checksum = "sha256:b81970c8247fa64cfb30d2a3da0e487e4253f9f2d01865ed5e7d53cdc7b02188"
url = "https://github.com/casey/just/releases/download/1.46.0/just-1.46.0-aarch64-unknown-linux-musl.tar.gz"
url_api = "https://api.github.com/repos/casey/just/releases/assets/335433617"

[tools.just."platforms.linux-x64"]
checksum = "sha256:79966e6e353f535ee7d1c6221641bcc8e3381c55b0d0a6dc6e54b34f9db36eaa"
url = "https://github.com/casey/just/releases/download/1.46.0/just-1.46.0-x86_64-unknown-linux-musl.tar.gz"
url_api = "https://api.github.com/repos/casey/just/releases/assets/335433546"

[tools.just."platforms.linux-x64-musl"]
checksum = "sha256:79966e6e353f535ee7d1c6221641bcc8e3381c55b0d0a6dc6e54b34f9db36eaa"
url = "https://github.com/casey/just/releases/download/1.46.0/just-1.46.0-x86_64-unknown-linux-musl.tar.gz"
url_api = "https://api.github.com/repos/casey/just/releases/assets/335433546"

[tools.just."platforms.macos-arm64"]
checksum = "sha256:438eaf6468a115aa7db93e501cc7e3272f453f6b7083be3863adfab546b23358"
url = "https://github.com/casey/just/releases/download/1.46.0/just-1.46.0-aarch64-apple-darwin.tar.gz"
url_api = "https://api.github.com/repos/casey/just/releases/assets/335433784"

[tools.just."platforms.macos-x64"]
checksum = "sha256:ec54dd60ac876261b7318f1852ef9c0319fede1e5a73c14f56d908a8edf595b8"
url = "https://github.com/casey/just/releases/download/1.46.0/just-1.46.0-x86_64-apple-darwin.tar.gz"
url_api = "https://api.github.com/repos/casey/just/releases/assets/335433529"

[tools.just."platforms.windows-x64"]
checksum = "sha256:f0acf3f8ccbcf360b481baae9cae4c921774c89d5d932012481d3e0bda78ab39"
url = "https://github.com/casey/just/releases/download/1.46.0/just-1.46.0-x86_64-pc-windows-msvc.zip"
url_api = "https://api.github.com/repos/casey/just/releases/assets/335433854"

[[tools.node]]
version = "24.14.0"
backend = "core:node"
specifiers = ["24.14.0"]

[tools.node."platforms.linux-arm64"]
checksum = "sha256:f44740cd218de8127f1c44c41510a3a740fa5c9c8d1cdce1c3bedada79f3cde7"
url = "https://nodejs.org/dist/v24.14.0/node-v24.14.0-linux-arm64.tar.gz"

[tools.node."platforms.linux-arm64-musl"]
checksum = "sha256:8f81d47b7f443455709d44eae8669591de2e58b37d3c2cb0aec667b6e6f826c1"
url = "https://unofficial-builds.nodejs.org/download/release/v24.14.0/node-v24.14.0-linux-arm64-musl.tar.gz"

[tools.node."platforms.linux-x64"]
checksum = "sha256:dbf5b8665dec15e59e6359a517fefb47b23fdb9152d8def975b9bca3dfc6d355"
url = "https://nodejs.org/dist/v24.14.0/node-v24.14.0-linux-x64.tar.gz"

[tools.node."platforms.linux-x64-musl"]
checksum = "sha256:bae0f2320448d5c744bcd4878081b483194d8b0f0eaab2b37d7f81df739c5a95"
url = "https://unofficial-builds.nodejs.org/download/release/v24.14.0/node-v24.14.0-linux-x64-musl.tar.gz"

[tools.node."platforms.macos-arm64"]
checksum = "sha256:a1a54f46a750d2523d628d924aab61758a51c9dad3e0238beb14141be9615dd3"
url = "https://nodejs.org/dist/v24.14.0/node-v24.14.0-darwin-arm64.tar.gz"

[tools.node."platforms.macos-x64"]
checksum = "sha256:f2879eb810e25993a0578e5d878930266fd2eafcffe9f2839b3d8db354d4879e"
url = "https://nodejs.org/dist/v24.14.0/node-v24.14.0-darwin-x64.tar.gz"

[tools.node."platforms.windows-x64"]
checksum = "sha256:313fa40c0d7b18575821de8cb17483031fe07d95de5994f6f435f3b345f85c66"
url = "https://nodejs.org/dist/v24.14.0/node-v24.14.0-win-x64.zip"

[[tools.shellcheck]]
version = "0.11.0"
backend = "aqua:koalaman/shellcheck"
specifiers = ["0.11.0"]

[tools.shellcheck."platforms.linux-arm64"]
checksum = "sha256:12b331c1d2db6b9eb13cfca64306b1b157a86eb69db83023e261eaa7e7c14588"
url = "https://github.com/koalaman/shellcheck/releases/download/v0.11.0/shellcheck-v0.11.0.linux.aarch64.tar.xz"
url_api = "https://api.github.com/repos/koalaman/shellcheck/releases/assets/279056934"

[tools.shellcheck."platforms.linux-arm64-musl"]
checksum = "sha256:12b331c1d2db6b9eb13cfca64306b1b157a86eb69db83023e261eaa7e7c14588"
url = "https://github.com/koalaman/shellcheck/releases/download/v0.11.0/shellcheck-v0.11.0.linux.aarch64.tar.xz"
url_api = "https://api.github.com/repos/koalaman/shellcheck/releases/assets/279056934"

[tools.shellcheck."platforms.linux-x64"]
checksum = "sha256:8c3be12b05d5c177a04c29e3c78ce89ac86f1595681cab149b65b97c4e227198"
url = "https://github.com/koalaman/shellcheck/releases/download/v0.11.0/shellcheck-v0.11.0.linux.x86_64.tar.xz"
url_api = "https://api.github.com/repos/koalaman/shellcheck/releases/assets/279056942"

[tools.shellcheck."platforms.linux-x64-musl"]
checksum = "sha256:8c3be12b05d5c177a04c29e3c78ce89ac86f1595681cab149b65b97c4e227198"
url = "https://github.com/koalaman/shellcheck/releases/download/v0.11.0/shellcheck-v0.11.0.linux.x86_64.tar.xz"
url_api = "https://api.github.com/repos/koalaman/shellcheck/releases/assets/279056942"

[tools.shellcheck."platforms.macos-arm64"]
checksum = "sha256:56affdd8de5527894dca6dc3d7e0a99a873b0f004d7aabc30ae407d3f48b0a79"
url = "https://github.com/koalaman/shellcheck/releases/download/v0.11.0/shellcheck-v0.11.0.darwin.aarch64.tar.xz"
url_api = "https://api.github.com/repos/koalaman/shellcheck/releases/assets/279056932"

[tools.shellcheck."platforms.macos-x64"]
checksum = "sha256:3c89db4edcab7cf1c27bff178882e0f6f27f7afdf54e859fa041fca10febe4c6"
url = "https://github.com/koalaman/shellcheck/releases/download/v0.11.0/shellcheck-v0.11.0.darwin.x86_64.tar.xz"
url_api = "https://api.github.com/repos/koalaman/shellcheck/releases/assets/279056930"

[tools.shellcheck."platforms.windows-x64"]
checksum = "sha256:8a4e35ab0b331c85d73567b12f2a444df187f483e5079ceffa6bda1faa2e740e"
url = "https://github.com/koalaman/shellcheck/releases/download/v0.11.0/shellcheck-v0.11.0.zip"
url_api = "https://api.github.com/repos/koalaman/shellcheck/releases/assets/279056944"

[[tools.sops]]
version = "3.12.1"
backend = "asdf:sops"
specifiers = ["3.12.1"]

[[tools.uv]]
version = "0.10.8"
backend = "aqua:astral-sh/uv"
specifiers = ["0.10.8"]

[tools.uv."platforms.linux-arm64"]
checksum = "sha256:661860e954f87dcd823251191866af3486484d1a9df60eed56f4586ed7559e3d"
url = "https://github.com/astral-sh/uv/releases/download/0.10.8/uv-aarch64-unknown-linux-gnu.tar.gz"
url_api = "https://api.github.com/repos/astral-sh/uv/releases/assets/366312912"
provenance = "github-attestations"

[tools.uv."platforms.linux-arm64-musl"]
checksum = "sha256:2ef0d0489e9e2a32f134ca80097fa36be4b486c4ab004706a1d6d0d57980ff07"
url = "https://github.com/astral-sh/uv/releases/download/0.10.8/uv-aarch64-unknown-linux-musl.tar.gz"
url_api = "https://api.github.com/repos/astral-sh/uv/releases/assets/366312916"
provenance = "github-attestations"

[tools.uv."platforms.linux-x64"]
checksum = "sha256:f0c566b55683395a62fefb9261a060fa09824914b5682c3b9629fa154762ae2f"
url = "https://github.com/astral-sh/uv/releases/download/0.10.8/uv-x86_64-unknown-linux-gnu.tar.gz"
url_api = "https://api.github.com/repos/astral-sh/uv/releases/assets/366312970"
provenance = "github-attestations"

[tools.uv."platforms.linux-x64-musl"]
checksum = "sha256:a4e6ad1aecac61077de548d2cc9ccf2c2f1848863312b3b59fb0d2eb8d8a043c"
url = "https://github.com/astral-sh/uv/releases/download/0.10.8/uv-x86_64-unknown-linux-musl.tar.gz"
url_api = "https://api.github.com/repos/astral-sh/uv/releases/assets/366312972"
provenance = "github-attestations"

[tools.uv."platforms.macos-arm64"]
checksum = "sha256:c3a6fff5b6b4abddff863117878194e35dbc6b0267d61ad259ab9896f9b8dcbb"
url = "https://github.com/astral-sh/uv/releases/download/0.10.8/uv-aarch64-apple-darwin.tar.gz"
url_api = "https://api.github.com/repos/astral-sh/uv/releases/assets/366312900"
provenance = "github-attestations"

[tools.uv."platforms.macos-x64"]
checksum = "sha256:e0a1b22b039f8155765f5bc8c13df03a5f994a901901179791572e8e5f053281"
url = "https://github.com/astral-sh/uv/releases/download/0.10.8/uv-x86_64-apple-darwin.tar.gz"
url_api = "https://api.github.com/repos/astral-sh/uv/releases/assets/366312963"
provenance = "github-attestations"

[tools.uv."platforms.windows-x64"]
checksum = "sha256:2e70ecd22196cbd9d14eefb700814bcafc5b75a0d8275b52e8402e5fe256d928"
url = "https://github.com/astral-sh/uv/releases/download/0.10.8/uv-x86_64-pc-windows-msvc.zip"
url_api = "https://api.github.com/repos/astral-sh/uv/releases/assets/366312968"
provenance = "github-attestations"
